
Microsoft Visual Studio Solution File, Format Version 12.00
# Visual Studio Version 17
VisualStudioVersion = 17.11.35222.181
MinimumVisualStudioVersion = 10.0.40219.1
Project("{FAE04EC0-301F-11D3-BF4B-00C04F79EFBC}") = "MyBank", "MyBank\MyBank.csproj", "{ACC0CF7E-A28B-49EF-9C08-7D3CD30BFB6A}"
EndProject
Global
	GlobalSection(SolutionConfigurationPlatforms) = preSolution
		Debug|Any CPU = Debug|Any CPU
		Release|Any CPU = Release|Any CPU
	EndGlobalSection
	GlobalSection(ProjectConfigurationPlatforms) = postSolution
		{ACC0CF7E-A28B-49EF-9C08-7D3CD30BFB6A}.Debug|Any CPU.ActiveCfg = Debug|Any CPU
		{ACC0CF7E-A28B-49EF-9C08-7D3CD30BFB6A}.Debug|Any CPU.Build.0 = Debug|Any CPU
		{ACC0CF7E-A28B-49EF-9C08-7D3CD30BFB6A}.Release|Any CPU.ActiveCfg = Release|Any CPU
		{ACC0CF7E-A28B-49EF-9C08-7D3CD30BFB6A}.Release|Any CPU.Build.0 = Release|Any CPU
	EndGlobalSection
	GlobalSection(SolutionProperties) = preSolution
		HideSolutionNode = FALSE
	EndGlobalSection
	GlobalSection(ExtensibilityGlobals) = postSolution
		SolutionGuid = {9B108BEA-12B8-467A-BBBB-94C3A03E4C9A}
	EndGlobalSection
EndGlobal
